
Microsoft Visual Studio Solution File, Format Version 12.00
# Visual Studio Version 17
VisualStudioVersion = 17.8.34112.27
MinimumVisualStudioVersion = 10.0.40219.1
Project("{FAE04EC0-301F-11D3-BF4B-00C04F79EFBC}") = "dz3", "dz3.csproj", "{7F70FE99-26D4-4C24-AF10-A781A74A4697}"
EndProject
Project("{FAE04EC0-301F-11D3-BF4B-00C04F79EFBC}") = "task2", "..\task2\task2.csproj", "{9B1A6D1A-ECCF-40DD-A6DB-DC9124E60F8C}"
EndProject
Global
	GlobalSection(SolutionConfigurationPlatforms) = preSolution
		Debug|Any CPU = Debug|Any CPU
		Release|Any CPU = Release|Any CPU
	EndGlobalSection
	GlobalSection(ProjectConfigurationPlatforms) = postSolution
		{7F70FE99-26D4-4C24-AF10-A781A74A4697}.Debug|Any CPU.ActiveCfg = Debug|Any CPU
		{7F70FE99-26D4-4C24-AF10-A781A74A4697}.Debug|Any CPU.Build.0 = Debug|Any CPU
		{7F70FE99-26D4-4C24-AF10-A781A74A4697}.Release|Any CPU.ActiveCfg = Release|Any CPU
		{7F70FE99-26D4-4C24-AF10-A781A74A4697}.Release|Any CPU.Build.0 = Release|Any CPU
		{9B1A6D1A-ECCF-40DD-A6DB-DC9124E60F8C}.Debug|Any CPU.ActiveCfg = Debug|Any CPU
		{9B1A6D1A-ECCF-40DD-A6DB-DC9124E60F8C}.Debug|Any CPU.Build.0 = Debug|Any CPU
		{9B1A6D1A-ECCF-40DD-A6DB-DC9124E60F8C}.Release|Any CPU.ActiveCfg = Release|Any CPU
		{9B1A6D1A-ECCF-40DD-A6DB-DC9124E60F8C}.Release|Any CPU.Build.0 = Release|Any CPU
	EndGlobalSection
	GlobalSection(SolutionProperties) = preSolution
		HideSolutionNode = FALSE
	EndGlobalSection
	GlobalSection(ExtensibilityGlobals) = postSolution
		SolutionGuid = {4749E5AA-063A-4926-B93C-DEA19F58A805}
	EndGlobalSection
EndGlobal
